// !$*UTF8*$!
{
	archiveVersion = 1;
	classes = {
	};
	objectVersion = 50;
	objects = {

/* Begin PBXBuildFile section */
		330F3A3A2077AC9E007ABACC /* AppDelegate.swift in Sources */ = {isa = PBXBuildFile; fileRef = 330F3A392077AC9E007ABACC /* AppDelegate.swift */; };
		330F3A3C2077AC9E007ABACC /* ViewController.swift in Sources */ = {isa = PBXBuildFile; fileRef = 330F3A3B2077AC9E007ABACC /* ViewController.swift */; };
		330F3A3F2077AC9E007ABACC /* Main.storyboard in Resources */ = {isa = PBXBuildFile; fileRef = 330F3A3D2077AC9E007ABACC /* Main.storyboard */; };
		330F3A412077AC9F007ABACC /* Assets.xcassets in Resources */ = {isa = PBXBuildFile; fileRef = 330F3A402077AC9F007ABACC /* Assets.xcassets */; };
		330F3A442077AC9F007ABACC /* LaunchScreen.storyboard in Resources */ = {isa = PBXBuildFile; fileRef = 330F3A422077AC9F007ABACC /* LaunchScreen.storyboard */; };
		330F3A4C207835EF007ABACC /* GoogleService-Info.plist in Resources */ = {isa = PBXBuildFile; fileRef = 330F3A4B207835EF007ABACC /* GoogleService-Info.plist */; };
		330F3A4E20786838007ABACC /* arSceneViewController.swift in Sources */ = {isa = PBXBuildFile; fileRef = 330F3A4D20786838007ABACC /* arSceneViewController.swift */; };
		330F3A5220787ACC007ABACC /* show3DModelsViewController.swift in Sources */ = {isa = PBXBuildFile; fileRef = 330F3A5120787ACC007ABACC /* show3DModelsViewController.swift */; };
		3BF9D1D99776E34A9862D64F /* Pods_VisED.framework in Frameworks */ = {isa = PBXBuildFile; fileRef = 205BC5F23EB06C31F66915D3 /* Pods_VisED.framework */; };
/* End PBXBuildFile section */

/* Begin PBXFileReference section */
		205BC5F23EB06C31F66915D3 /* Pods_VisED.framework */ = {isa = PBXFileReference; explicitFileType = wrapper.framework; includeInIndex = 0; path = Pods_VisED.framework; sourceTree = BUILT_PRODUCTS_DIR; };
		330F3A362077AC9E007ABACC /* VisED.app */ = {isa = PBXFileReference; explicitFileType = wrapper.application; includeInIndex = 0; path = VisED.app; sourceTree = BUILT_PRODUCTS_DIR; };
		330F3A392077AC9E007ABACC /* AppDelegate.swift */ = {isa = PBXFileReference; lastKnownFileType = sourcecode.swift; path = AppDelegate.swift; sourceTree = "<group>"; };
		330F3A3B2077AC9E007ABACC /* ViewController.swift */ = {isa = PBXFileReference; lastKnownFileType = sourcecode.swift; path = ViewController.swift; sourceTree = "<group>"; };
		330F3A3E2077AC9E007ABACC /* Base */ = {isa = PBXFileReference; lastKnownFileType = file.storyboard; name = Base; path = Base.lproj/Main.storyboard; sourceTree = "<group>"; };
		330F3A402077AC9F007ABACC /* Assets.xcassets */ = {isa = PBXFileReference; lastKnownFileType = folder.assetcatalog; path = Assets.xcassets; sourceTree = "<group>"; };
		330F3A432077AC9F007ABACC /* Base */ = {isa = PBXFileReference; lastKnownFileType = file.storyboard; name = Base; path = Base.lproj/LaunchScreen.storyboard; sourceTree = "<group>"; };
		330F3A452077AC9F007ABACC /* Info.plist */ = {isa = PBXFileReference; lastKnownFileType = text.plist.xml; path = Info.plist; sourceTree = "<group>"; };
		330F3A4B207835EF007ABACC /* GoogleService-Info.plist */ = {isa = PBXFileReference; fileEncoding = 4; lastKnownFileType = text.plist.xml; path = "GoogleService-Info.plist"; sourceTree = "<group>"; };
		330F3A4D20786838007ABACC /* arSceneViewController.swift */ = {isa = PBXFileReference; lastKnownFileType = sourcecode.swift; path = arSceneViewController.swift; sourceTree = "<group>"; };
		330F3A5120787ACC007ABACC /* show3DModelsViewController.swift */ = {isa = PBXFileReference; lastKnownFileType = sourcecode.swift; path = show3DModelsViewController.swift; sourceTree = "<group>"; };
		330F3A552078AB96007ABACC /* dna.scn */ = {isa = PBXFileReference; lastKnownFileType = file.bplist; path = dna.scn; sourceTree = "<group>"; };
		B206BF3829296CE766B90398 /* Pods-VisED.debug.xcconfig */ = {isa = PBXFileReference; includeInIndex = 1; lastKnownFileType = text.xcconfig; name = "Pods-VisED.debug.xcconfig"; path = "Pods/Target Support Files/Pods-VisED/Pods-VisED.debug.xcconfig"; sourceTree = "<group>"; };
		DDE5A082E17B3F59D189E45B /* Pods-VisED.release.xcconfig */ = {isa = PBXFileReference; includeInIndex = 1; lastKnownFileType = text.xcconfig; name = "Pods-VisED.release.xcconfig"; path = "Pods/Target Support Files/Pods-VisED/Pods-VisED.release.xcconfig"; sourceTree = "<group>"; };
/* End PBXFileReference section */

/* Begin PBXFrameworksBuildPhase section */
		330F3A332077AC9E007ABACC /* Frameworks */ = {
			isa = PBXFrameworksBuildPhase;
			buildActionMask = 2147483647;
			files = (
				3BF9D1D99776E34A9862D64F /* Pods_VisED.framework in Frameworks */,
			);
			runOnlyForDeploymentPostprocessing = 0;
		};
/* End PBXFrameworksBuildPhase section */

/* Begin PBXGroup section */
		330F3A2D2077AC9D007ABACC = {
			isa = PBXGroup;
			children = (
				330F3A382077AC9E007ABACC /* VisED */,
				330F3A372077AC9E007ABACC /* Products */,
				DBFB53B4DE2998821ACF8610 /* Pods */,
				90FC2FF9C5EF2FAC0E2C8C7B /* Frameworks */,
			);
			sourceTree = "<group>";
		};
		330F3A372077AC9E007ABACC /* Products */ = {
			isa = PBXGroup;
			children = (
				330F3A362077AC9E007ABACC /* VisED.app */,
			);
			name = Products;
			sourceTree = "<group>";
		};
		330F3A382077AC9E007ABACC /* VisED */ = {
			isa = PBXGroup;
			children = (
				330F3A392077AC9E007ABACC /* AppDelegate.swift */,
				330F3A3B2077AC9E007ABACC /* ViewController.swift */,
				330F3A3D2077AC9E007ABACC /* Main.storyboard */,
				330F3A5120787ACC007ABACC /* show3DModelsViewController.swift */,
				330F3A4D20786838007ABACC /* arSceneViewController.swift */,
				330F3A402077AC9F007ABACC /* Assets.xcassets */,
				330F3A552078AB96007ABACC /* dna.scn */,
				330F3A422077AC9F007ABACC /* LaunchScreen.storyboard */,
				330F3A452077AC9F007ABACC /* Info.plist */,
				330F3A4B207835EF007ABACC /* GoogleService-Info.plist */,
			);
			path = VisED;
			sourceTree = "<group>";
		};
		90FC2FF9C5EF2FAC0E2C8C7B /* Frameworks */ = {
			isa = PBXGroup;
			children = (
				205BC5F23EB06C31F66915D3 /* Pods_VisED.framework */,
			);
			name = Frameworks;
			sourceTree = "<group>";
		};
		DBFB53B4DE2998821ACF8610 /* Pods */ = {
			isa = PBXGroup;
			children = (
				B206BF3829296CE766B90398 /* Pods-VisED.debug.xcconfig */,
				DDE5A082E17B3F59D189E45B /* Pods-VisED.release.xcconfig */,
			);
			name = Pods;
			sourceTree = "<group>";
		};
/* End PBXGroup section */

/* Begin PBXNativeTarget section */
		330F3A352077AC9E007ABACC /* VisED */ = {
			isa = PBXNativeTarget;
			buildConfigurationList = 330F3A482077AC9F007ABACC /* Build configuration list for PBXNativeTarget "VisED" */;
			buildPhases = (
				077CF0A89C4568169C59E036 /* [CP] Check Pods Manifest.lock */,
				330F3A322077AC9E007ABACC /* Sources */,
				330F3A332077AC9E007ABACC /* Frameworks */,
				330F3A342077AC9E007ABACC /* Resources */,
				58CF00F7B319E4FEAAE483C6 /* [CP] Embed Pods Frameworks */,
				1B5A51990DFAF3E699755E27 /* [CP] Copy Pods Resources */,
			);
			buildRules = (
			);
			dependencies = (
			);
			name = VisED;
			productName = VisED;
			productReference = 330F3A362077AC9E007ABACC /* VisED.app */;
			productType = "com.apple.product-type.application";
		};
/* End PBXNativeTarget section */

/* Begin PBXProject section */
		330F3A2E2077AC9D007ABACC /* Project object */ = {
			isa = PBXProject;
			attributes = {
				LastSwiftUpdateCheck = 0930;
				LastUpgradeCheck = 0930;
				ORGANIZATIONNAME = "Mohak Malhotra";
				TargetAttributes = {
					330F3A352077AC9E007ABACC = {
						CreatedOnToolsVersion = 9.3;
					};
				};
			};
			buildConfigurationList = 330F3A312077AC9D007ABACC /* Build configuration list for PBXProject "VisED" */;
			compatibilityVersion = "Xcode 9.3";
			developmentRegion = en;
			hasScannedForEncodings = 0;
			knownRegions = (
				en,
				Base,
			);
			mainGroup = 330F3A2D2077AC9D007ABACC;
			productRefGroup = 330F3A372077AC9E007ABACC /* Products */;
			projectDirPath = "";
			projectRoot = "";
			targets = (
				330F3A352077AC9E007ABACC /* VisED */,
			);
		};
/* End PBXProject section */

/* Begin PBXResourcesBuildPhase section */
		330F3A342077AC9E007ABACC /* Resources */ = {
			isa = PBXResourcesBuildPhase;
			buildActionMask = 2147483647;
			files = (
				330F3A442077AC9F007ABACC /* LaunchScreen.storyboard in Resources */,
				330F3A4C207835EF007ABACC /* GoogleService-Info.plist in Resources */,
				330F3A412077AC9F007ABACC /* Assets.xcassets in Resources */,
				330F3A3F2077AC9E007ABACC /* Main.storyboard in Resources */,
			);
			runOnlyForDeploymentPostprocessing = 0;
		};
/* End PBXResourcesBuildPhase section */

/* Begin PBXShellScriptBuildPhase section */
		077CF0A89C4568169C59E036 /* [CP] Check Pods Manifest.lock */ = {
			isa = PBXShellScriptBuildPhase;
			buildActionMask = 2147483647;
			files = (
			);
			inputPaths = (
				"${PODS_PODFILE_DIR_PATH}/Podfile.lock",
				"${PODS_ROOT}/Manifest.lock",
			);
			name = "[CP] Check Pods Manifest.lock";
			outputPaths = (
				"$(DERIVED_FILE_DIR)/Pods-VisED-checkManifestLockResult.txt",
			);
			runOnlyForDeploymentPostprocessing = 0;
			shellPath = /bin/sh;
			shellScript = "diff \"${PODS_PODFILE_DIR_PATH}/Podfile.lock\" \"${PODS_ROOT}/Manifest.lock\" > /dev/null\nif [ $? != 0 ] ; then\n    # print error to STDERR\n    echo \"error: The sandbox is not in sync with the Podfile.lock. Run 'pod install' or update your CocoaPods installation.\" >&2\n    exit 1\nfi\n# This output is used by Xcode 'outputs' to avoid re-running this script phase.\necho \"SUCCESS\" > \"${SCRIPT_OUTPUT_FILE_0}\"\n";
			showEnvVarsInLog = 0;
		};
		1B5A51990DFAF3E699755E27 /* [CP] Copy Pods Resources */ = {
			isa = PBXShellScriptBuildPhase;
			buildActionMask = 2147483647;
			files = (
			);
			inputPaths = (
			);
			name = "[CP] Copy Pods Resources";
			outputPaths = (
			);
			runOnlyForDeploymentPostprocessing = 0;
			shellPath = /bin/sh;
			shellScript = "\"${SRCROOT}/Pods/Target Support Files/Pods-VisED/Pods-VisED-resources.sh\"\n";
			showEnvVarsInLog = 0;
		};
		58CF00F7B319E4FEAAE483C6 /* [CP] Embed Pods Frameworks */ = {
			isa = PBXShellScriptBuildPhase;
			buildActionMask = 2147483647;
			files = (
			);
			inputPaths = (
				"${SRCROOT}/Pods/Target Support Files/Pods-VisED/Pods-VisED-frameworks.sh",
				"${BUILT_PRODUCTS_DIR}/BoringSSL/openssl.framework",
				"${BUILT_PRODUCTS_DIR}/GTMSessionFetcher/GTMSessionFetcher.framework",
				"${BUILT_PRODUCTS_DIR}/GoogleToolboxForMac/GoogleToolboxForMac.framework",
				"${BUILT_PRODUCTS_DIR}/Protobuf/Protobuf.framework",
				"${BUILT_PRODUCTS_DIR}/gRPC/GRPCClient.framework",
				"${BUILT_PRODUCTS_DIR}/gRPC-Core/grpc.framework",
				"${BUILT_PRODUCTS_DIR}/gRPC-ProtoRPC/ProtoRPC.framework",
				"${BUILT_PRODUCTS_DIR}/gRPC-RxLibrary/RxLibrary.framework",
				"${BUILT_PRODUCTS_DIR}/leveldb-library/leveldb.framework",
				"${BUILT_PRODUCTS_DIR}/nanopb/nanopb.framework",
			);
			name = "[CP] Embed Pods Frameworks";
			outputPaths = (
				"${TARGET_BUILD_DIR}/${FRAMEWORKS_FOLDER_PATH}/openssl.framework",
				"${TARGET_BUILD_DIR}/${FRAMEWORKS_FOLDER_PATH}/GTMSessionFetcher.framework",
				"${TARGET_BUILD_DIR}/${FRAMEWORKS_FOLDER_PATH}/GoogleToolboxForMac.framework",
				"${TARGET_BUILD_DIR}/${FRAMEWORKS_FOLDER_PATH}/Protobuf.framework",
				"${TARGET_BUILD_DIR}/${FRAMEWORKS_FOLDER_PATH}/GRPCClient.framework",
				"${TARGET_BUILD_DIR}/${FRAMEWORKS_FOLDER_PATH}/grpc.framework",
				"${TARGET_BUILD_DIR}/${FRAMEWORKS_FOLDER_PATH}/ProtoRPC.framework",
				"${TARGET_BUILD_DIR}/${FRAMEWORKS_FOLDER_PATH}/RxLibrary.framework",
				"${TARGET_BUILD_DIR}/${FRAMEWORKS_FOLDER_PATH}/leveldb.framework",
				"${TARGET_BUILD_DIR}/${FRAMEWORKS_FOLDER_PATH}/nanopb.framework",
			);
			runOnlyForDeploymentPostprocessing = 0;
			shellPath = /bin/sh;
			shellScript = "\"${SRCROOT}/Pods/Target Support Files/Pods-VisED/Pods-VisED-frameworks.sh\"\n";
			showEnvVarsInLog = 0;
		};
/* End PBXShellScriptBuildPhase section */

/* Begin PBXSourcesBuildPhase section */
		330F3A322077AC9E007ABACC /* Sources */ = {
			isa = PBXSourcesBuildPhase;
			buildActionMask = 2147483647;
			files = (
				330F3A5220787ACC007ABACC /* show3DModelsViewController.swift in Sources */,
				330F3A4E20786838007ABACC /* arSceneViewController.swift in Sources */,
				330F3A3C2077AC9E007ABACC /* ViewController.swift in Sources */,
				330F3A3A2077AC9E007ABACC /* AppDelegate.swift in Sources */,
			);
			runOnlyForDeploymentPostprocessing = 0;
		};
/* End PBXSourcesBuildPhase section */

/* Begin PBXVariantGroup section */
		330F3A3D2077AC9E007ABACC /* Main.storyboard */ = {
			isa = PBXVariantGroup;
			children = (
				330F3A3E2077AC9E007ABACC /* Base */,
			);
			name = Main.storyboard;
			sourceTree = "<group>";
		};
		330F3A422077AC9F007ABACC /* LaunchScreen.storyboard */ = {
			isa = PBXVariantGroup;
			children = (
				330F3A432077AC9F007ABACC /* Base */,
			);
			name = LaunchScreen.storyboard;
			sourceTree = "<group>";
		};
/* End PBXVariantGroup section */

/* Begin XCBuildConfiguration section */
		330F3A462077AC9F007ABACC /* Debug */ = {
			isa = XCBuildConfiguration;
			buildSettings = {
				ALWAYS_SEARCH_USER_PATHS = NO;
				CLANG_ANALYZER_NONNULL = YES;
				CLANG_ANALYZER_NUMBER_OBJECT_CONVERSION = YES_AGGRESSIVE;
				CLANG_CXX_LANGUAGE_STANDARD = "gnu++14";
				CLANG_CXX_LIBRARY = "libc++";
				CLANG_ENABLE_MODULES = YES;
				CLANG_ENABLE_OBJC_ARC = YES;
				CLANG_ENABLE_OBJC_WEAK = YES;
				CLANG_WARN_BLOCK_CAPTURE_AUTORELEASING = YES;
				CLANG_WARN_BOOL_CONVERSION = YES;
				CLANG_WARN_COMMA = YES;
				CLANG_WARN_CONSTANT_CONVERSION = YES;
				CLANG_WARN_DEPRECATED_OBJC_IMPLEMENTATIONS = YES;
				CLANG_WARN_DIRECT_OBJC_ISA_USAGE = YES_ERROR;
				CLANG_WARN_DOCUMENTATION_COMMENTS = YES;
				CLANG_WARN_EMPTY_BODY = YES;
				CLANG_WARN_ENUM_CONVERSION = YES;
				CLANG_WARN_INFINITE_RECURSION = YES;
				CLANG_WARN_INT_CONVERSION = YES;
				CLANG_WARN_NON_LITERAL_NULL_CONVERSION = YES;
				CLANG_WARN_OBJC_IMPLICIT_RETAIN_SELF = YES;
				CLANG_WARN_OBJC_LITERAL_CONVERSION = YES;
				CLANG_WARN_OBJC_ROOT_CLASS = YES_ERROR;
				CLANG_WARN_RANGE_LOOP_ANALYSIS = YES;
				CLANG_WARN_STRICT_PROTOTYPES = YES;
				CLANG_WARN_SUSPICIOUS_MOVE = YES;
				CLANG_WARN_UNGUARDED_AVAILABILITY = YES_AGGRESSIVE;
				CLANG_WARN_UNREACHABLE_CODE = YES;
				CLANG_WARN__DUPLICATE_METHOD_MATCH = YES;
				CODE_SIGN_IDENTITY = "iPhone Developer";
				COPY_PHASE_STRIP = NO;
				DEBUG_INFORMATION_FORMAT = dwarf;
				ENABLE_STRICT_OBJC_MSGSEND = YES;
				ENABLE_TESTABILITY = YES;
				GCC_C_LANGUAGE_STANDARD = gnu11;
				GCC_DYNAMIC_NO_PIC = NO;
				GCC_NO_COMMON_BLOCKS = YES;
				GCC_OPTIMIZATION_LEVEL = 0;
				GCC_PREPROCESSOR_DEFINITIONS = (
					"DEBUG=1",
					"$(inherited)",
				);
				GCC_WARN_64_TO_32_BIT_CONVERSION = YES;
				GCC_WARN_ABOUT_RETURN_TYPE = YES_ERROR;
				GCC_WARN_UNDECLARED_SELECTOR = YES;
				GCC_WARN_UNINITIALIZED_AUTOS = YES_AGGRESSIVE;
				GCC_WARN_UNUSED_FUNCTION = YES;
				GCC_WARN_UNUSED_VARIABLE = YES;
				IPHONEOS_DEPLOYMENT_TARGET = 11.3;
				MTL_ENABLE_DEBUG_INFO = YES;
				ONLY_ACTIVE_ARCH = YES;
				SDKROOT = iphoneos;
				SWIFT_ACTIVE_COMPILATION_CONDITIONS = DEBUG;
				SWIFT_OPTIMIZATION_LEVEL = "-Onone";
			};
			name = Debug;
		};
		330F3A472077AC9F007ABACC /* Release */ = {
			isa = XCBuildConfiguration;
			buildSettings = {
				ALWAYS_SEARCH_USER_PATHS = NO;
				CLANG_ANALYZER_NONNULL = YES;
				CLANG_ANALYZER_NUMBER_OBJECT_CONVERSION = YES_AGGRESSIVE;
				CLANG_CXX_LANGUAGE_STANDARD = "gnu++14";
				CLANG_CXX_LIBRARY = "libc++";
				CLANG_ENABLE_MODULES = YES;
				CLANG_ENABLE_OBJC_ARC = YES;
				CLANG_ENABLE_OBJC_WEAK = YES;
				CLANG_WARN_BLOCK_CAPTURE_AUTORELEASING = YES;
				CLANG_WARN_BOOL_CONVERSION = YES;
				CLANG_WARN_COMMA = YES;
				CLANG_WARN_CONSTANT_CONVERSION = YES;
				CLANG_WARN_DEPRECATED_OBJC_IMPLEMENTATIONS = YES;
				CLANG_WARN_DIRECT_OBJC_ISA_USAGE = YES_ERROR;
				CLANG_WARN_DOCUMENTATION_COMMENTS = YES;
				CLANG_WARN_EMPTY_BODY = YES;
				CLANG_WARN_ENUM_CONVERSION = YES;
				CLANG_WARN_INFINITE_RECURSION = YES;
				CLANG_WARN_INT_CONVERSION = YES;
				CLANG_WARN_NON_LITERAL_NULL_CONVERSION = YES;
				CLANG_WARN_OBJC_IMPLICIT_RETAIN_SELF = YES;
				CLANG_WARN_OBJC_LITERAL_CONVERSION = YES;
				CLANG_WARN_OBJC_ROOT_CLASS = YES_ERROR;
				CLANG_WARN_RANGE_LOOP_ANALYSIS = YES;
				CLANG_WARN_STRICT_PROTOTYPES = YES;
				CLANG_WARN_SUSPICIOUS_MOVE = YES;
				CLANG_WARN_UNGUARDED_AVAILABILITY = YES_AGGRESSIVE;
				CLANG_WARN_UNREACHABLE_CODE = YES;
				CLANG_WARN__DUPLICATE_METHOD_MATCH = YES;
				CODE_SIGN_IDENTITY = "iPhone Developer";
				COPY_PHASE_STRIP = NO;
				DEBUG_INFORMATION_FORMAT = "dwarf-with-dsym";
				ENABLE_NS_ASSERTIONS = NO;
				ENABLE_STRICT_OBJC_MSGSEND = YES;
				GCC_C_LANGUAGE_STANDARD = gnu11;
				GCC_NO_COMMON_BLOCKS = YES;
				GCC_WARN_64_TO_32_BIT_CONVERSION = YES;
				GCC_WARN_ABOUT_RETURN_TYPE = YES_ERROR;
				GCC_WARN_UNDECLARED_SELECTOR = YES;
				GCC_WARN_UNINITIALIZED_AUTOS = YES_AGGRESSIVE;
				GCC_WARN_UNUSED_FUNCTION = YES;
				GCC_WARN_UNUSED_VARIABLE = YES;
				IPHONEOS_DEPLOYMENT_TARGET = 11.3;
				MTL_ENABLE_DEBUG_INFO = NO;
				SDKROOT = iphoneos;
				SWIFT_COMPILATION_MODE = wholemodule;
				SWIFT_OPTIMIZATION_LEVEL = "-O";
				VALIDATE_PRODUCT = YES;
			};
			name = Release;
		};
		330F3A492077AC9F007ABACC /* Debug */ = {
			isa = XCBuildConfiguration;
			baseConfigurationReference = B206BF3829296CE766B90398 /* Pods-VisED.debug.xcconfig */;
			buildSettings = {
				ASSETCATALOG_COMPILER_APPICON_NAME = AppIcon;
				CODE_SIGN_STYLE = Automatic;
				DEVELOPMENT_TEAM = 2332A9VGYQ;
				INFOPLIST_FILE = VisED/Info.plist;
				IPHONEOS_DEPLOYMENT_TARGET = 11;
				LD_RUNPATH_SEARCH_PATHS = (
					"$(inherited)",
					"@executable_path/Frameworks",
				);
				PRODUCT_BUNDLE_IDENTIFIER = com.MohakMalhotra.VisED01;
				PRODUCT_NAME = "$(TARGET_NAME)";
				SWIFT_VERSION = 4.0;
				TARGETED_DEVICE_FAMILY = "1,2";
			};
			name = Debug;
		};
		330F3A4A2077AC9F007ABACC /* Release */ = {
			isa = XCBuildConfiguration;
			baseConfigurationReference = DDE5A082E17B3F59D189E45B /* Pods-VisED.release.xcconfig */;
			buildSettings = {
				ASSETCATALOG_COMPILER_APPICON_NAME = AppIcon;
				CODE_SIGN_STYLE = Automatic;
				DEVELOPMENT_TEAM = 2332A9VGYQ;
				INFOPLIST_FILE = VisED/Info.plist;
				IPHONEOS_DEPLOYMENT_TARGET = 11;
				LD_RUNPATH_SEARCH_PATHS = (
					"$(inherited)",
					"@executable_path/Frameworks",
				);
				PRODUCT_BUNDLE_IDENTIFIER = com.MohakMalhotra.VisED01;
				PRODUCT_NAME = "$(TARGET_NAME)";
				SWIFT_VERSION = 4.0;
				TARGETED_DEVICE_FAMILY = "1,2";
			};
			name = Release;
		};
/* End XCBuildConfiguration section */

/* Begin XCConfigurationList section */
		330F3A312077AC9D007ABACC /* Build configuration list for PBXProject "VisED" */ = {
			isa = XCConfigurationList;
			buildConfigurations = (
				330F3A462077AC9F007ABACC /* Debug */,
				330F3A472077AC9F007ABACC /* Release */,
			);
			defaultConfigurationIsVisible = 0;
			defaultConfigurationName = Release;
		};
		330F3A482077AC9F007ABACC /* Build configuration list for PBXNativeTarget "VisED" */ = {
			isa = XCConfigurationList;
			buildConfigurations = (
				330F3A492077AC9F007ABACC /* Debug */,
				330F3A4A2077AC9F007ABACC /* Release */,
			);
			defaultConfigurationIsVisible = 0;
			defaultConfigurationName = Release;
		};
/* End XCConfigurationList section */
	};
	rootObject = 330F3A2E2077AC9D007ABACC /* Project object */;
}
